// !$*UTF8*$!
{
	archiveVersion = 1;
	classes = {
	};
	objectVersion = 50;
	objects = {

/* Begin PBXBuildFile section */
		4C54463C49530077D42B14AE /* Pods_GenderNeutralRestroomsUITests.framework in Frameworks */ = {isa = PBXBuildFile; fileRef = 60E6CA28D070EE6D9CA85C54 /* Pods_GenderNeutralRestroomsUITests.framework */; };
		4D6EAF6921B4C11D006B1FF3 /* ListViewCellTableViewCell.swift in Sources */ = {isa = PBXBuildFile; fileRef = 4D6EAF6821B4C11D006B1FF3 /* ListViewCellTableViewCell.swift */; };
		4D7B4A7F21B3CB5800E065E2 /* AppDelegate.swift in Sources */ = {isa = PBXBuildFile; fileRef = 4D7B4A7E21B3CB5800E065E2 /* AppDelegate.swift */; };
		4D7B4A8121B3CB5800E065E2 /* ViewController.swift in Sources */ = {isa = PBXBuildFile; fileRef = 4D7B4A8021B3CB5800E065E2 /* ViewController.swift */; };
		4D7B4A8421B3CB5800E065E2 /* Main.storyboard in Resources */ = {isa = PBXBuildFile; fileRef = 4D7B4A8221B3CB5800E065E2 /* Main.storyboard */; };
		4D7B4A8621B3CB5B00E065E2 /* Assets.xcassets in Resources */ = {isa = PBXBuildFile; fileRef = 4D7B4A8521B3CB5B00E065E2 /* Assets.xcassets */; };
		4D7B4A8921B3CB5B00E065E2 /* LaunchScreen.storyboard in Resources */ = {isa = PBXBuildFile; fileRef = 4D7B4A8721B3CB5B00E065E2 /* LaunchScreen.storyboard */; };
		4D7B4A9421B3CB5B00E065E2 /* GenderNeutralRestroomsTests.swift in Sources */ = {isa = PBXBuildFile; fileRef = 4D7B4A9321B3CB5B00E065E2 /* GenderNeutralRestroomsTests.swift */; };
		4D7B4A9F21B3CB5C00E065E2 /* GenderNeutralRestroomsUITests.swift in Sources */ = {isa = PBXBuildFile; fileRef = 4D7B4A9E21B3CB5C00E065E2 /* GenderNeutralRestroomsUITests.swift */; };
		4D7B4AAD21B3CBAC00E065E2 /* mapViewController.swift in Sources */ = {isa = PBXBuildFile; fileRef = 4D7B4AAC21B3CBAC00E065E2 /* mapViewController.swift */; };
		4D7B4AAF21B3CBDE00E065E2 /* ListViewController.swift in Sources */ = {isa = PBXBuildFile; fileRef = 4D7B4AAE21B3CBDE00E065E2 /* ListViewController.swift */; };
		63722D67E35A69574CE67265 /* Pods_GenderNeutralRestroomsTests.framework in Frameworks */ = {isa = PBXBuildFile; fileRef = 02BFA30AEF0837D155A988A6 /* Pods_GenderNeutralRestroomsTests.framework */; };
		C8AA4C10DA8931999D14B71F /* Pods_GenderNeutralRestrooms.framework in Frameworks */ = {isa = PBXBuildFile; fileRef = CCB787735507ECB453204387 /* Pods_GenderNeutralRestrooms.framework */; };
/* End PBXBuildFile section */

/* Begin PBXContainerItemProxy section */
		4D7B4A9021B3CB5B00E065E2 /* PBXContainerItemProxy */ = {
			isa = PBXContainerItemProxy;
			containerPortal = 4D7B4A7321B3CB5800E065E2 /* Project object */;
			proxyType = 1;
			remoteGlobalIDString = 4D7B4A7A21B3CB5800E065E2;
			remoteInfo = GenderNeutralRestrooms;
		};
		4D7B4A9B21B3CB5C00E065E2 /* PBXContainerItemProxy */ = {
			isa = PBXContainerItemProxy;
			containerPortal = 4D7B4A7321B3CB5800E065E2 /* Project object */;
			proxyType = 1;
			remoteGlobalIDString = 4D7B4A7A21B3CB5800E065E2;
			remoteInfo = GenderNeutralRestrooms;
		};
/* End PBXContainerItemProxy section */

/* Begin PBXFileReference section */
		02BFA30AEF0837D155A988A6 /* Pods_GenderNeutralRestroomsTests.framework */ = {isa = PBXFileReference; explicitFileType = wrapper.framework; includeInIndex = 0; path = Pods_GenderNeutralRestroomsTests.framework; sourceTree = BUILT_PRODUCTS_DIR; };
		2B4677924A05301544247AE7 /* Pods-GenderNeutralRestroomsTests.debug.xcconfig */ = {isa = PBXFileReference; includeInIndex = 1; lastKnownFileType = text.xcconfig; name = "Pods-GenderNeutralRestroomsTests.debug.xcconfig"; path = "Pods/Target Support Files/Pods-GenderNeutralRestroomsTests/Pods-GenderNeutralRestroomsTests.debug.xcconfig"; sourceTree = "<group>"; };
		42AD9A4E6BB084CDD5CF86FD /* Pods-GenderNeutralRestrooms.debug.xcconfig */ = {isa = PBXFileReference; includeInIndex = 1; lastKnownFileType = text.xcconfig; name = "Pods-GenderNeutralRestrooms.debug.xcconfig"; path = "Pods/Target Support Files/Pods-GenderNeutralRestrooms/Pods-GenderNeutralRestrooms.debug.xcconfig"; sourceTree = "<group>"; };
		4D6EAF6821B4C11D006B1FF3 /* ListViewCellTableViewCell.swift */ = {isa = PBXFileReference; lastKnownFileType = sourcecode.swift; path = ListViewCellTableViewCell.swift; sourceTree = "<group>"; };
		4D7B4A7B21B3CB5800E065E2 /* GenderNeutralRestrooms.app */ = {isa = PBXFileReference; explicitFileType = wrapper.application; includeInIndex = 0; path = GenderNeutralRestrooms.app; sourceTree = BUILT_PRODUCTS_DIR; };
		4D7B4A7E21B3CB5800E065E2 /* AppDelegate.swift */ = {isa = PBXFileReference; lastKnownFileType = sourcecode.swift; path = AppDelegate.swift; sourceTree = "<group>"; };
		4D7B4A8021B3CB5800E065E2 /* ViewController.swift */ = {isa = PBXFileReference; lastKnownFileType = sourcecode.swift; path = ViewController.swift; sourceTree = "<group>"; };
		4D7B4A8321B3CB5800E065E2 /* Base */ = {isa = PBXFileReference; lastKnownFileType = file.storyboard; name = Base; path = Base.lproj/Main.storyboard; sourceTree = "<group>"; };
		4D7B4A8521B3CB5B00E065E2 /* Assets.xcassets */ = {isa = PBXFileReference; lastKnownFileType = folder.assetcatalog; path = Assets.xcassets; sourceTree = "<group>"; };
		4D7B4A8821B3CB5B00E065E2 /* Base */ = {isa = PBXFileReference; lastKnownFileType = file.storyboard; name = Base; path = Base.lproj/LaunchScreen.storyboard; sourceTree = "<group>"; };
		4D7B4A8A21B3CB5B00E065E2 /* Info.plist */ = {isa = PBXFileReference; lastKnownFileType = text.plist.xml; path = Info.plist; sourceTree = "<group>"; };
		4D7B4A8F21B3CB5B00E065E2 /* GenderNeutralRestroomsTests.xctest */ = {isa = PBXFileReference; explicitFileType = wrapper.cfbundle; includeInIndex = 0; path = GenderNeutralRestroomsTests.xctest; sourceTree = BUILT_PRODUCTS_DIR; };
		4D7B4A9321B3CB5B00E065E2 /* GenderNeutralRestroomsTests.swift */ = {isa = PBXFileReference; lastKnownFileType = sourcecode.swift; path = GenderNeutralRestroomsTests.swift; sourceTree = "<group>"; };
		4D7B4A9521B3CB5B00E065E2 /* Info.plist */ = {isa = PBXFileReference; lastKnownFileType = text.plist.xml; path = Info.plist; sourceTree = "<group>"; };
		4D7B4A9A21B3CB5C00E065E2 /* GenderNeutralRestroomsUITests.xctest */ = {isa = PBXFileReference; explicitFileType = wrapper.cfbundle; includeInIndex = 0; path = GenderNeutralRestroomsUITests.xctest; sourceTree = BUILT_PRODUCTS_DIR; };
		4D7B4A9E21B3CB5C00E065E2 /* GenderNeutralRestroomsUITests.swift */ = {isa = PBXFileReference; lastKnownFileType = sourcecode.swift; path = GenderNeutralRestroomsUITests.swift; sourceTree = "<group>"; };
		4D7B4AA021B3CB5C00E065E2 /* Info.plist */ = {isa = PBXFileReference; lastKnownFileType = text.plist.xml; path = Info.plist; sourceTree = "<group>"; };
		4D7B4AAC21B3CBAC00E065E2 /* mapViewController.swift */ = {isa = PBXFileReference; lastKnownFileType = sourcecode.swift; path = mapViewController.swift; sourceTree = "<group>"; };
		4D7B4AAE21B3CBDE00E065E2 /* ListViewController.swift */ = {isa = PBXFileReference; lastKnownFileType = sourcecode.swift; path = ListViewController.swift; sourceTree = "<group>"; };
		5A69DD333D1C84906CBAE9F2 /* Pods-GenderNeutralRestroomsUITests.release.xcconfig */ = {isa = PBXFileReference; includeInIndex = 1; lastKnownFileType = text.xcconfig; name = "Pods-GenderNeutralRestroomsUITests.release.xcconfig"; path = "Pods/Target Support Files/Pods-GenderNeutralRestroomsUITests/Pods-GenderNeutralRestroomsUITests.release.xcconfig"; sourceTree = "<group>"; };
		60E6CA28D070EE6D9CA85C54 /* Pods_GenderNeutralRestroomsUITests.framework */ = {isa = PBXFileReference; explicitFileType = wrapper.framework; includeInIndex = 0; path = Pods_GenderNeutralRestroomsUITests.framework; sourceTree = BUILT_PRODUCTS_DIR; };
		70BC2B5731AACCED291F7392 /* Pods-GenderNeutralRestroomsTests.release.xcconfig */ = {isa = PBXFileReference; includeInIndex = 1; lastKnownFileType = text.xcconfig; name = "Pods-GenderNeutralRestroomsTests.release.xcconfig"; path = "Pods/Target Support Files/Pods-GenderNeutralRestroomsTests/Pods-GenderNeutralRestroomsTests.release.xcconfig"; sourceTree = "<group>"; };
		94AB609A97156E6A831A346A /* Pods-GenderNeutralRestroomsUITests.debug.xcconfig */ = {isa = PBXFileReference; includeInIndex = 1; lastKnownFileType = text.xcconfig; name = "Pods-GenderNeutralRestroomsUITests.debug.xcconfig"; path = "Pods/Target Support Files/Pods-GenderNeutralRestroomsUITests/Pods-GenderNeutralRestroomsUITests.debug.xcconfig"; sourceTree = "<group>"; };
		A3FAF93094CC929E1AAA05AE /* Pods-GenderNeutralRestrooms.release.xcconfig */ = {isa = PBXFileReference; includeInIndex = 1; lastKnownFileType = text.xcconfig; name = "Pods-GenderNeutralRestrooms.release.xcconfig"; path = "Pods/Target Support Files/Pods-GenderNeutralRestrooms/Pods-GenderNeutralRestrooms.release.xcconfig"; sourceTree = "<group>"; };
		CCB787735507ECB453204387 /* Pods_GenderNeutralRestrooms.framework */ = {isa = PBXFileReference; explicitFileType = wrapper.framework; includeInIndex = 0; path = Pods_GenderNeutralRestrooms.framework; sourceTree = BUILT_PRODUCTS_DIR; };
/* End PBXFileReference section */

/* Begin PBXFrameworksBuildPhase section */
		4D7B4A7821B3CB5800E065E2 /* Frameworks */ = {
			isa = PBXFrameworksBuildPhase;
			buildActionMask = 2147483647;
			files = (
				C8AA4C10DA8931999D14B71F /* Pods_GenderNeutralRestrooms.framework in Frameworks */,
			);
			runOnlyForDeploymentPostprocessing = 0;
		};
		4D7B4A8C21B3CB5B00E065E2 /* Frameworks */ = {
			isa = PBXFrameworksBuildPhase;
			buildActionMask = 2147483647;
			files = (
				63722D67E35A69574CE67265 /* Pods_GenderNeutralRestroomsTests.framework in Frameworks */,
			);
			runOnlyForDeploymentPostprocessing = 0;
		};
		4D7B4A9721B3CB5C00E065E2 /* Frameworks */ = {
			isa = PBXFrameworksBuildPhase;
			buildActionMask = 2147483647;
			files = (
				4C54463C49530077D42B14AE /* Pods_GenderNeutralRestroomsUITests.framework in Frameworks */,
			);
			runOnlyForDeploymentPostprocessing = 0;
		};
/* End PBXFrameworksBuildPhase section */

/* Begin PBXGroup section */
		022A304A74CEED8E5BF58FA6 /* Frameworks */ = {
			isa = PBXGroup;
			children = (
				CCB787735507ECB453204387 /* Pods_GenderNeutralRestrooms.framework */,
				02BFA30AEF0837D155A988A6 /* Pods_GenderNeutralRestroomsTests.framework */,
				60E6CA28D070EE6D9CA85C54 /* Pods_GenderNeutralRestroomsUITests.framework */,
			);
			name = Frameworks;
			sourceTree = "<group>";
		};
		0E82F72201FD87006E5821F8 /* Pods */ = {
			isa = PBXGroup;
			children = (
				42AD9A4E6BB084CDD5CF86FD /* Pods-GenderNeutralRestrooms.debug.xcconfig */,
				A3FAF93094CC929E1AAA05AE /* Pods-GenderNeutralRestrooms.release.xcconfig */,
				2B4677924A05301544247AE7 /* Pods-GenderNeutralRestroomsTests.debug.xcconfig */,
				70BC2B5731AACCED291F7392 /* Pods-GenderNeutralRestroomsTests.release.xcconfig */,
				94AB609A97156E6A831A346A /* Pods-GenderNeutralRestroomsUITests.debug.xcconfig */,
				5A69DD333D1C84906CBAE9F2 /* Pods-GenderNeutralRestroomsUITests.release.xcconfig */,
			);
			name = Pods;
			sourceTree = "<group>";
		};
		4D7B4A7221B3CB5800E065E2 = {
			isa = PBXGroup;
			children = (
				4D7B4A7D21B3CB5800E065E2 /* GenderNeutralRestrooms */,
				4D7B4A9221B3CB5B00E065E2 /* GenderNeutralRestroomsTests */,
				4D7B4A9D21B3CB5C00E065E2 /* GenderNeutralRestroomsUITests */,
				4D7B4A7C21B3CB5800E065E2 /* Products */,
				0E82F72201FD87006E5821F8 /* Pods */,
				022A304A74CEED8E5BF58FA6 /* Frameworks */,
			);
			sourceTree = "<group>";
		};
		4D7B4A7C21B3CB5800E065E2 /* Products */ = {
			isa = PBXGroup;
			children = (
				4D7B4A7B21B3CB5800E065E2 /* GenderNeutralRestrooms.app */,
				4D7B4A8F21B3CB5B00E065E2 /* GenderNeutralRestroomsTests.xctest */,
				4D7B4A9A21B3CB5C00E065E2 /* GenderNeutralRestroomsUITests.xctest */,
			);
			name = Products;
			sourceTree = "<group>";
		};
		4D7B4A7D21B3CB5800E065E2 /* GenderNeutralRestrooms */ = {
			isa = PBXGroup;
			children = (
				4D7B4AAC21B3CBAC00E065E2 /* mapViewController.swift */,
				4D7B4A7E21B3CB5800E065E2 /* AppDelegate.swift */,
				4D7B4A8021B3CB5800E065E2 /* ViewController.swift */,
				4D7B4A8221B3CB5800E065E2 /* Main.storyboard */,
				4D7B4A8521B3CB5B00E065E2 /* Assets.xcassets */,
				4D7B4A8721B3CB5B00E065E2 /* LaunchScreen.storyboard */,
				4D7B4A8A21B3CB5B00E065E2 /* Info.plist */,
				4D7B4AAE21B3CBDE00E065E2 /* ListViewController.swift */,
				4D6EAF6821B4C11D006B1FF3 /* ListViewCellTableViewCell.swift */,
			);
			path = GenderNeutralRestrooms;
			sourceTree = "<group>";
		};
		4D7B4A9221B3CB5B00E065E2 /* GenderNeutralRestroomsTests */ = {
			isa = PBXGroup;
			children = (
				4D7B4A9321B3CB5B00E065E2 /* GenderNeutralRestroomsTests.swift */,
				4D7B4A9521B3CB5B00E065E2 /* Info.plist */,
			);
			path = GenderNeutralRestroomsTests;
			sourceTree = "<group>";
		};
		4D7B4A9D21B3CB5C00E065E2 /* GenderNeutralRestroomsUITests */ = {
			isa = PBXGroup;
			children = (
				4D7B4A9E21B3CB5C00E065E2 /* GenderNeutralRestroomsUITests.swift */,
				4D7B4AA021B3CB5C00E065E2 /* Info.plist */,
			);
			path = GenderNeutralRestroomsUITests;
			sourceTree = "<group>";
		};
/* End PBXGroup section */

/* Begin PBXNativeTarget section */
		4D7B4A7A21B3CB5800E065E2 /* GenderNeutralRestrooms */ = {
			isa = PBXNativeTarget;
			buildConfigurationList = 4D7B4AA321B3CB5C00E065E2 /* Build configuration list for PBXNativeTarget "GenderNeutralRestrooms" */;
			buildPhases = (
				84B3F60B43B8784A021939AF /* [CP] Check Pods Manifest.lock */,
				4D7B4A7721B3CB5800E065E2 /* Sources */,
				4D7B4A7821B3CB5800E065E2 /* Frameworks */,
				4D7B4A7921B3CB5800E065E2 /* Resources */,
				7DD395D31BCE760ECCDACF65 /* [CP] Embed Pods Frameworks */,
			);
			buildRules = (
			);
			dependencies = (
			);
			name = GenderNeutralRestrooms;
			productName = GenderNeutralRestrooms;
			productReference = 4D7B4A7B21B3CB5800E065E2 /* GenderNeutralRestrooms.app */;
			productType = "com.apple.product-type.application";
		};
		4D7B4A8E21B3CB5B00E065E2 /* GenderNeutralRestroomsTests */ = {
			isa = PBXNativeTarget;
			buildConfigurationList = 4D7B4AA621B3CB5C00E065E2 /* Build configuration list for PBXNativeTarget "GenderNeutralRestroomsTests" */;
			buildPhases = (
				CCE64C922790A25368AF5101 /* [CP] Check Pods Manifest.lock */,
				4D7B4A8B21B3CB5B00E065E2 /* Sources */,
				4D7B4A8C21B3CB5B00E065E2 /* Frameworks */,
				4D7B4A8D21B3CB5B00E065E2 /* Resources */,
			);
			buildRules = (
			);
			dependencies = (
				4D7B4A9121B3CB5B00E065E2 /* PBXTargetDependency */,
			);
			name = GenderNeutralRestroomsTests;
			productName = GenderNeutralRestroomsTests;
			productReference = 4D7B4A8F21B3CB5B00E065E2 /* GenderNeutralRestroomsTests.xctest */;
			productType = "com.apple.product-type.bundle.unit-test";
		};
		4D7B4A9921B3CB5C00E065E2 /* GenderNeutralRestroomsUITests */ = {
			isa = PBXNativeTarget;
			buildConfigurationList = 4D7B4AA921B3CB5C00E065E2 /* Build configuration list for PBXNativeTarget "GenderNeutralRestroomsUITests" */;
			buildPhases = (
				C89438ED4771969120CD6A02 /* [CP] Check Pods Manifest.lock */,
				4D7B4A9621B3CB5C00E065E2 /* Sources */,
				4D7B4A9721B3CB5C00E065E2 /* Frameworks */,
				4D7B4A9821B3CB5C00E065E2 /* Resources */,
			);
			buildRules = (
			);
			dependencies = (
				4D7B4A9C21B3CB5C00E065E2 /* PBXTargetDependency */,
			);
			name = GenderNeutralRestroomsUITests;
			productName = GenderNeutralRestroomsUITests;
			productReference = 4D7B4A9A21B3CB5C00E065E2 /* GenderNeutralRestroomsUITests.xctest */;
			productType = "com.apple.product-type.bundle.ui-testing";
		};
/* End PBXNativeTarget section */

/* Begin PBXProject section */
		4D7B4A7321B3CB5800E065E2 /* Project object */ = {
			isa = PBXProject;
			attributes = {
				LastSwiftUpdateCheck = 1010;
				LastUpgradeCheck = 1010;
				ORGANIZATIONNAME = "Srishti Miglani";
				TargetAttributes = {
					4D7B4A7A21B3CB5800E065E2 = {
						CreatedOnToolsVersion = 10.1;
					};
					4D7B4A8E21B3CB5B00E065E2 = {
						CreatedOnToolsVersion = 10.1;
						TestTargetID = 4D7B4A7A21B3CB5800E065E2;
					};
					4D7B4A9921B3CB5C00E065E2 = {
						CreatedOnToolsVersion = 10.1;
						TestTargetID = 4D7B4A7A21B3CB5800E065E2;
					};
				};
			};
			buildConfigurationList = 4D7B4A7621B3CB5800E065E2 /* Build configuration list for PBXProject "GenderNeutralRestrooms" */;
			compatibilityVersion = "Xcode 9.3";
			developmentRegion = en;
			hasScannedForEncodings = 0;
			knownRegions = (
				en,
				Base,
			);
			mainGroup = 4D7B4A7221B3CB5800E065E2;
			productRefGroup = 4D7B4A7C21B3CB5800E065E2 /* Products */;
			projectDirPath = "";
			projectRoot = "";
			targets = (
				4D7B4A7A21B3CB5800E065E2 /* GenderNeutralRestrooms */,
				4D7B4A8E21B3CB5B00E065E2 /* GenderNeutralRestroomsTests */,
				4D7B4A9921B3CB5C00E065E2 /* GenderNeutralRestroomsUITests */,
			);
		};
/* End PBXProject section */

/* Begin PBXResourcesBuildPhase section */
		4D7B4A7921B3CB5800E065E2 /* Resources */ = {
			isa = PBXResourcesBuildPhase;
			buildActionMask = 2147483647;
			files = (
				4D7B4A8921B3CB5B00E065E2 /* LaunchScreen.storyboard in Resources */,
				4D7B4A8621B3CB5B00E065E2 /* Assets.xcassets in Resources */,
				4D7B4A8421B3CB5800E065E2 /* Main.storyboard in Resources */,
			);
			runOnlyForDeploymentPostprocessing = 0;
		};
		4D7B4A8D21B3CB5B00E065E2 /* Resources */ = {
			isa = PBXResourcesBuildPhase;
			buildActionMask = 2147483647;
			files = (
			);
			runOnlyForDeploymentPostprocessing = 0;
		};
		4D7B4A9821B3CB5C00E065E2 /* Resources */ = {
			isa = PBXResourcesBuildPhase;
			buildActionMask = 2147483647;
			files = (
			);
			runOnlyForDeploymentPostprocessing = 0;
		};
/* End PBXResourcesBuildPhase section */

/* Begin PBXShellScriptBuildPhase section */
		7DD395D31BCE760ECCDACF65 /* [CP] Embed Pods Frameworks */ = {
			isa = PBXShellScriptBuildPhase;
			buildActionMask = 2147483647;
			files = (
			);
			inputFileListPaths = (
			);
			inputPaths = (
				"${SRCROOT}/Pods/Target Support Files/Pods-GenderNeutralRestrooms/Pods-GenderNeutralRestrooms-frameworks.sh",
				"${BUILT_PRODUCTS_DIR}/Alamofire/Alamofire.framework",
				"${BUILT_PRODUCTS_DIR}/AlamofireObjectMapper/AlamofireObjectMapper.framework",
				"${BUILT_PRODUCTS_DIR}/CDYelpFusionKit/CDYelpFusionKit.framework",
				"${BUILT_PRODUCTS_DIR}/ObjectMapper/ObjectMapper.framework",
			);
			name = "[CP] Embed Pods Frameworks";
			outputFileListPaths = (
			);
			outputPaths = (
				"${TARGET_BUILD_DIR}/${FRAMEWORKS_FOLDER_PATH}/Alamofire.framework",
				"${TARGET_BUILD_DIR}/${FRAMEWORKS_FOLDER_PATH}/AlamofireObjectMapper.framework",
				"${TARGET_BUILD_DIR}/${FRAMEWORKS_FOLDER_PATH}/CDYelpFusionKit.framework",
				"${TARGET_BUILD_DIR}/${FRAMEWORKS_FOLDER_PATH}/ObjectMapper.framework",
			);
			runOnlyForDeploymentPostprocessing = 0;
			shellPath = /bin/sh;
			shellScript = "\"${SRCROOT}/Pods/Target Support Files/Pods-GenderNeutralRestrooms/Pods-GenderNeutralRestrooms-frameworks.sh\"\n";
			showEnvVarsInLog = 0;
		};
		84B3F60B43B8784A021939AF /* [CP] Check Pods Manifest.lock */ = {
			isa = PBXShellScriptBuildPhase;
			buildActionMask = 2147483647;
			files = (
			);
			inputFileListPaths = (
			);
			inputPaths = (
				"${PODS_PODFILE_DIR_PATH}/Podfile.lock",
				"${PODS_ROOT}/Manifest.lock",
			);
			name = "[CP] Check Pods Manifest.lock";
			outputFileListPaths = (
			);
			outputPaths = (
				"$(DERIVED_FILE_DIR)/Pods-GenderNeutralRestrooms-checkManifestLockResult.txt",
			);
			runOnlyForDeploymentPostprocessing = 0;
			shellPath = /bin/sh;
			shellScript = "diff \"${PODS_PODFILE_DIR_PATH}/Podfile.lock\" \"${PODS_ROOT}/Manifest.lock\" > /dev/null\nif [ $? != 0 ] ; then\n    # print error to STDERR\n    echo \"error: The sandbox is not in sync with the Podfile.lock. Run 'pod install' or update your CocoaPods installation.\" >&2\n    exit 1\nfi\n# This output is used by Xcode 'outputs' to avoid re-running this script phase.\necho \"SUCCESS\" > \"${SCRIPT_OUTPUT_FILE_0}\"\n";
			showEnvVarsInLog = 0;
		};
		C89438ED4771969120CD6A02 /* [CP] Check Pods Manifest.lock */ = {
			isa = PBXShellScriptBuildPhase;
			buildActionMask = 2147483647;
			files = (
			);
			inputFileListPaths = (
			);
			inputPaths = (
				"${PODS_PODFILE_DIR_PATH}/Podfile.lock",
				"${PODS_ROOT}/Manifest.lock",
			);
			name = "[CP] Check Pods Manifest.lock";
			outputFileListPaths = (
			);
			outputPaths = (
				"$(DERIVED_FILE_DIR)/Pods-GenderNeutralRestroomsUITests-checkManifestLockResult.txt",
			);
			runOnlyForDeploymentPostprocessing = 0;
			shellPath = /bin/sh;
			shellScript = "diff \"${PODS_PODFILE_DIR_PATH}/Podfile.lock\" \"${PODS_ROOT}/Manifest.lock\" > /dev/null\nif [ $? != 0 ] ; then\n    # print error to STDERR\n    echo \"error: The sandbox is not in sync with the Podfile.lock. Run 'pod install' or update your CocoaPods installation.\" >&2\n    exit 1\nfi\n# This output is used by Xcode 'outputs' to avoid re-running this script phase.\necho \"SUCCESS\" > \"${SCRIPT_OUTPUT_FILE_0}\"\n";
			showEnvVarsInLog = 0;
		};
		CCE64C922790A25368AF5101 /* [CP] Check Pods Manifest.lock */ = {
			isa = PBXShellScriptBuildPhase;
			buildActionMask = 2147483647;
			files = (
			);
			inputFileListPaths = (
			);
			inputPaths = (
				"${PODS_PODFILE_DIR_PATH}/Podfile.lock",
				"${PODS_ROOT}/Manifest.lock",
			);
			name = "[CP] Check Pods Manifest.lock";
			outputFileListPaths = (
			);
			outputPaths = (
				"$(DERIVED_FILE_DIR)/Pods-GenderNeutralRestroomsTests-checkManifestLockResult.txt",
			);
			runOnlyForDeploymentPostprocessing = 0;
			shellPath = /bin/sh;
			shellScript = "diff \"${PODS_PODFILE_DIR_PATH}/Podfile.lock\" \"${PODS_ROOT}/Manifest.lock\" > /dev/null\nif [ $? != 0 ] ; then\n    # print error to STDERR\n    echo \"error: The sandbox is not in sync with the Podfile.lock. Run 'pod install' or update your CocoaPods installation.\" >&2\n    exit 1\nfi\n# This output is used by Xcode 'outputs' to avoid re-running this script phase.\necho \"SUCCESS\" > \"${SCRIPT_OUTPUT_FILE_0}\"\n";
			showEnvVarsInLog = 0;
		};
/* End PBXShellScriptBuildPhase section */

/* Begin PBXSourcesBuildPhase section */
		4D7B4A7721B3CB5800E065E2 /* Sources */ = {
			isa = PBXSourcesBuildPhase;
			buildActionMask = 2147483647;
			files = (
				4D7B4AAD21B3CBAC00E065E2 /* mapViewController.swift in Sources */,
				4D7B4A8121B3CB5800E065E2 /* ViewController.swift in Sources */,
				4D6EAF6921B4C11D006B1FF3 /* ListViewCellTableViewCell.swift in Sources */,
				4D7B4AAF21B3CBDE00E065E2 /* ListViewController.swift in Sources */,
				4D7B4A7F21B3CB5800E065E2 /* AppDelegate.swift in Sources */,
			);
			runOnlyForDeploymentPostprocessing = 0;
		};
		4D7B4A8B21B3CB5B00E065E2 /* Sources */ = {
			isa = PBXSourcesBuildPhase;
			buildActionMask = 2147483647;
			files = (
				4D7B4A9421B3CB5B00E065E2 /* GenderNeutralRestroomsTests.swift in Sources */,
			);
			runOnlyForDeploymentPostprocessing = 0;
		};
		4D7B4A9621B3CB5C00E065E2 /* Sources */ = {
			isa = PBXSourcesBuildPhase;
			buildActionMask = 2147483647;
			files = (
				4D7B4A9F21B3CB5C00E065E2 /* GenderNeutralRestroomsUITests.swift in Sources */,
			);
			runOnlyForDeploymentPostprocessing = 0;
		};
/* End PBXSourcesBuildPhase section */

/* Begin PBXTargetDependency section */
		4D7B4A9121B3CB5B00E065E2 /* PBXTargetDependency */ = {
			isa = PBXTargetDependency;
			target = 4D7B4A7A21B3CB5800E065E2 /* GenderNeutralRestrooms */;
			targetProxy = 4D7B4A9021B3CB5B00E065E2 /* PBXContainerItemProxy */;
		};
		4D7B4A9C21B3CB5C00E065E2 /* PBXTargetDependency */ = {
			isa = PBXTargetDependency;
			target = 4D7B4A7A21B3CB5800E065E2 /* GenderNeutralRestrooms */;
			targetProxy = 4D7B4A9B21B3CB5C00E065E2 /* PBXContainerItemProxy */;
		};
/* End PBXTargetDependency section */

/* Begin PBXVariantGroup section */
		4D7B4A8221B3CB5800E065E2 /* Main.storyboard */ = {
			isa = PBXVariantGroup;
			children = (
				4D7B4A8321B3CB5800E065E2 /* Base */,
			);
			name = Main.storyboard;
			sourceTree = "<group>";
		};
		4D7B4A8721B3CB5B00E065E2 /* LaunchScreen.storyboard */ = {
			isa = PBXVariantGroup;
			children = (
				4D7B4A8821B3CB5B00E065E2 /* Base */,
			);
			name = LaunchScreen.storyboard;
			sourceTree = "<group>";
		};
/* End PBXVariantGroup section */

/* Begin XCBuildConfiguration section */
		4D7B4AA121B3CB5C00E065E2 /* Debug */ = {
			isa = XCBuildConfiguration;
			buildSettings = {
				ALWAYS_SEARCH_USER_PATHS = NO;
				CLANG_ANALYZER_NONNULL = YES;
				CLANG_ANALYZER_NUMBER_OBJECT_CONVERSION = YES_AGGRESSIVE;
				CLANG_CXX_LANGUAGE_STANDARD = "gnu++14";
				CLANG_CXX_LIBRARY = "libc++";
				CLANG_ENABLE_MODULES = YES;
				CLANG_ENABLE_OBJC_ARC = YES;
				CLANG_ENABLE_OBJC_WEAK = YES;
				CLANG_WARN_BLOCK_CAPTURE_AUTORELEASING = YES;
				CLANG_WARN_BOOL_CONVERSION = YES;
				CLANG_WARN_COMMA = YES;
				CLANG_WARN_CONSTANT_CONVERSION = YES;
				CLANG_WARN_DEPRECATED_OBJC_IMPLEMENTATIONS = YES;
				CLANG_WARN_DIRECT_OBJC_ISA_USAGE = YES_ERROR;
				CLANG_WARN_DOCUMENTATION_COMMENTS = YES;
				CLANG_WARN_EMPTY_BODY = YES;
				CLANG_WARN_ENUM_CONVERSION = YES;
				CLANG_WARN_INFINITE_RECURSION = YES;
				CLANG_WARN_INT_CONVERSION = YES;
				CLANG_WARN_NON_LITERAL_NULL_CONVERSION = YES;
				CLANG_WARN_OBJC_IMPLICIT_RETAIN_SELF = YES;
				CLANG_WARN_OBJC_LITERAL_CONVERSION = YES;
				CLANG_WARN_OBJC_ROOT_CLASS = YES_ERROR;
				CLANG_WARN_RANGE_LOOP_ANALYSIS = YES;
				CLANG_WARN_STRICT_PROTOTYPES = YES;
				CLANG_WARN_SUSPICIOUS_MOVE = YES;
				CLANG_WARN_UNGUARDED_AVAILABILITY = YES_AGGRESSIVE;
				CLANG_WARN_UNREACHABLE_CODE = YES;
				CLANG_WARN__DUPLICATE_METHOD_MATCH = YES;
				CODE_SIGN_IDENTITY = "iPhone Developer";
				COPY_PHASE_STRIP = NO;
				DEBUG_INFORMATION_FORMAT = dwarf;
				ENABLE_STRICT_OBJC_MSGSEND = YES;
				ENABLE_TESTABILITY = YES;
				GCC_C_LANGUAGE_STANDARD = gnu11;
				GCC_DYNAMIC_NO_PIC = NO;
				GCC_NO_COMMON_BLOCKS = YES;
				GCC_OPTIMIZATION_LEVEL = 0;
				GCC_PREPROCESSOR_DEFINITIONS = (
					"DEBUG=1",
					"$(inherited)",
				);
				GCC_WARN_64_TO_32_BIT_CONVERSION = YES;
				GCC_WARN_ABOUT_RETURN_TYPE = YES_ERROR;
				GCC_WARN_UNDECLARED_SELECTOR = YES;
				GCC_WARN_UNINITIALIZED_AUTOS = YES_AGGRESSIVE;
				GCC_WARN_UNUSED_FUNCTION = YES;
				GCC_WARN_UNUSED_VARIABLE = YES;
				IPHONEOS_DEPLOYMENT_TARGET = 12.1;
				MTL_ENABLE_DEBUG_INFO = INCLUDE_SOURCE;
				MTL_FAST_MATH = YES;
				ONLY_ACTIVE_ARCH = YES;
				SDKROOT = iphoneos;
				SWIFT_ACTIVE_COMPILATION_CONDITIONS = DEBUG;
				SWIFT_OPTIMIZATION_LEVEL = "-Onone";
			};
			name = Debug;
		};
		4D7B4AA221B3CB5C00E065E2 /* Release */ = {
			isa = XCBuildConfiguration;
			buildSettings = {
				ALWAYS_SEARCH_USER_PATHS = NO;
				CLANG_ANALYZER_NONNULL = YES;
				CLANG_ANALYZER_NUMBER_OBJECT_CONVERSION = YES_AGGRESSIVE;
				CLANG_CXX_LANGUAGE_STANDARD = "gnu++14";
				CLANG_CXX_LIBRARY = "libc++";
				CLANG_ENABLE_MODULES = YES;
				CLANG_ENABLE_OBJC_ARC = YES;
				CLANG_ENABLE_OBJC_WEAK = YES;
				CLANG_WARN_BLOCK_CAPTURE_AUTORELEASING = YES;
				CLANG_WARN_BOOL_CONVERSION = YES;
				CLANG_WARN_COMMA = YES;
				CLANG_WARN_CONSTANT_CONVERSION = YES;
				CLANG_WARN_DEPRECATED_OBJC_IMPLEMENTATIONS = YES;
				CLANG_WARN_DIRECT_OBJC_ISA_USAGE = YES_ERROR;
				CLANG_WARN_DOCUMENTATION_COMMENTS = YES;
				CLANG_WARN_EMPTY_BODY = YES;
				CLANG_WARN_ENUM_CONVERSION = YES;
				CLANG_WARN_INFINITE_RECURSION = YES;
				CLANG_WARN_INT_CONVERSION = YES;
				CLANG_WARN_NON_LITERAL_NULL_CONVERSION = YES;
				CLANG_WARN_OBJC_IMPLICIT_RETAIN_SELF = YES;
				CLANG_WARN_OBJC_LITERAL_CONVERSION = YES;
				CLANG_WARN_OBJC_ROOT_CLASS = YES_ERROR;
				CLANG_WARN_RANGE_LOOP_ANALYSIS = YES;
				CLANG_WARN_STRICT_PROTOTYPES = YES;
				CLANG_WARN_SUSPICIOUS_MOVE = YES;
				CLANG_WARN_UNGUARDED_AVAILABILITY = YES_AGGRESSIVE;
				CLANG_WARN_UNREACHABLE_CODE = YES;
				CLANG_WARN__DUPLICATE_METHOD_MATCH = YES;
				CODE_SIGN_IDENTITY = "iPhone Developer";
				COPY_PHASE_STRIP = NO;
				DEBUG_INFORMATION_FORMAT = "dwarf-with-dsym";
				ENABLE_NS_ASSERTIONS = NO;
				ENABLE_STRICT_OBJC_MSGSEND = YES;
				GCC_C_LANGUAGE_STANDARD = gnu11;
				GCC_NO_COMMON_BLOCKS = YES;
				GCC_WARN_64_TO_32_BIT_CONVERSION = YES;
				GCC_WARN_ABOUT_RETURN_TYPE = YES_ERROR;
				GCC_WARN_UNDECLARED_SELECTOR = YES;
				GCC_WARN_UNINITIALIZED_AUTOS = YES_AGGRESSIVE;
				GCC_WARN_UNUSED_FUNCTION = YES;
				GCC_WARN_UNUSED_VARIABLE = YES;
				IPHONEOS_DEPLOYMENT_TARGET = 12.1;
				MTL_ENABLE_DEBUG_INFO = NO;
				MTL_FAST_MATH = YES;
				SDKROOT = iphoneos;
				SWIFT_COMPILATION_MODE = wholemodule;
				SWIFT_OPTIMIZATION_LEVEL = "-O";
				VALIDATE_PRODUCT = YES;
			};
			name = Release;
		};
		4D7B4AA421B3CB5C00E065E2 /* Debug */ = {
			isa = XCBuildConfiguration;
			baseConfigurationReference = 42AD9A4E6BB084CDD5CF86FD /* Pods-GenderNeutralRestrooms.debug.xcconfig */;
			buildSettings = {
				ASSETCATALOG_COMPILER_APPICON_NAME = AppIcon;
				CODE_SIGN_STYLE = Automatic;
				DEVELOPMENT_TEAM = CQ2A64KX43;
				INFOPLIST_FILE = GenderNeutralRestrooms/Info.plist;
				LD_RUNPATH_SEARCH_PATHS = (
					"$(inherited)",
					"@executable_path/Frameworks",
				);
				PRODUCT_BUNDLE_IDENTIFIER = com.srishtim.GenderNeutralRestrooms;
				PRODUCT_NAME = "$(TARGET_NAME)";
				SWIFT_VERSION = 4.2;
				TARGETED_DEVICE_FAMILY = "1,2";
			};
			name = Debug;
		};
		4D7B4AA521B3CB5C00E065E2 /* Release */ = {
			isa = XCBuildConfiguration;
			baseConfigurationReference = A3FAF93094CC929E1AAA05AE /* Pods-GenderNeutralRestrooms.release.xcconfig */;
			buildSettings = {
				ASSETCATALOG_COMPILER_APPICON_NAME = AppIcon;
				CODE_SIGN_STYLE = Automatic;
				DEVELOPMENT_TEAM = CQ2A64KX43;
				INFOPLIST_FILE = GenderNeutralRestrooms/Info.plist;
				LD_RUNPATH_SEARCH_PATHS = (
					"$(inherited)",
					"@executable_path/Frameworks",
				);
				PRODUCT_BUNDLE_IDENTIFIER = com.srishtim.GenderNeutralRestrooms;
				PRODUCT_NAME = "$(TARGET_NAME)";
				SWIFT_VERSION = 4.2;
				TARGETED_DEVICE_FAMILY = "1,2";
			};
			name = Release;
		};
		4D7B4AA721B3CB5C00E065E2 /* Debug */ = {
			isa = XCBuildConfiguration;
			baseConfigurationReference = 2B4677924A05301544247AE7 /* Pods-GenderNeutralRestroomsTests.debug.xcconfig */;
			buildSettings = {
				ALWAYS_EMBED_SWIFT_STANDARD_LIBRARIES = YES;
				BUNDLE_LOADER = "$(TEST_HOST)";
				CODE_SIGN_STYLE = Automatic;
				INFOPLIST_FILE = GenderNeutralRestroomsTests/Info.plist;
				LD_RUNPATH_SEARCH_PATHS = (
					"$(inherited)",
					"@executable_path/Frameworks",
					"@loader_path/Frameworks",
				);
				PRODUCT_BUNDLE_IDENTIFIER = com.srishtim.GenderNeutralRestroomsTests;
				PRODUCT_NAME = "$(TARGET_NAME)";
				SWIFT_VERSION = 4.2;
				TARGETED_DEVICE_FAMILY = "1,2";
				TEST_HOST = "$(BUILT_PRODUCTS_DIR)/GenderNeutralRestrooms.app/GenderNeutralRestrooms";
			};
			name = Debug;
		};
		4D7B4AA821B3CB5C00E065E2 /* Release */ = {
			isa = XCBuildConfiguration;
			baseConfigurationReference = 70BC2B5731AACCED291F7392 /* Pods-GenderNeutralRestroomsTests.release.xcconfig */;
			buildSettings = {
				ALWAYS_EMBED_SWIFT_STANDARD_LIBRARIES = YES;
				BUNDLE_LOADER = "$(TEST_HOST)";
				CODE_SIGN_STYLE = Automatic;
				INFOPLIST_FILE = GenderNeutralRestroomsTests/Info.plist;
				LD_RUNPATH_SEARCH_PATHS = (
					"$(inherited)",
					"@executable_path/Frameworks",
					"@loader_path/Frameworks",
				);
				PRODUCT_BUNDLE_IDENTIFIER = com.srishtim.GenderNeutralRestroomsTests;
				PRODUCT_NAME = "$(TARGET_NAME)";
				SWIFT_VERSION = 4.2;
				TARGETED_DEVICE_FAMILY = "1,2";
				TEST_HOST = "$(BUILT_PRODUCTS_DIR)/GenderNeutralRestrooms.app/GenderNeutralRestrooms";
			};
			name = Release;
		};
		4D7B4AAA21B3CB5C00E065E2 /* Debug */ = {
			isa = XCBuildConfiguration;
			baseConfigurationReference = 94AB609A97156E6A831A346A /* Pods-GenderNeutralRestroomsUITests.debug.xcconfig */;
			buildSettings = {
				ALWAYS_EMBED_SWIFT_STANDARD_LIBRARIES = YES;
				CODE_SIGN_STYLE = Automatic;
				INFOPLIST_FILE = GenderNeutralRestroomsUITests/Info.plist;
				LD_RUNPATH_SEARCH_PATHS = (
					"$(inherited)",
					"@executable_path/Frameworks",
					"@loader_path/Frameworks",
				);
				PRODUCT_BUNDLE_IDENTIFIER = com.srishtim.GenderNeutralRestroomsUITests;
				PRODUCT_NAME = "$(TARGET_NAME)";
				SWIFT_VERSION = 4.2;
				TARGETED_DEVICE_FAMILY = "1,2";
				TEST_TARGET_NAME = GenderNeutralRestrooms;
			};
			name = Debug;
		};
		4D7B4AAB21B3CB5C00E065E2 /* Release */ = {
			isa = XCBuildConfiguration;
			baseConfigurationReference = 5A69DD333D1C84906CBAE9F2 /* Pods-GenderNeutralRestroomsUITests.release.xcconfig */;
			buildSettings = {
				ALWAYS_EMBED_SWIFT_STANDARD_LIBRARIES = YES;
				CODE_SIGN_STYLE = Automatic;
				INFOPLIST_FILE = GenderNeutralRestroomsUITests/Info.plist;
				LD_RUNPATH_SEARCH_PATHS = (
					"$(inherited)",
					"@executable_path/Frameworks",
					"@loader_path/Frameworks",
				);
				PRODUCT_BUNDLE_IDENTIFIER = com.srishtim.GenderNeutralRestroomsUITests;
				PRODUCT_NAME = "$(TARGET_NAME)";
				SWIFT_VERSION = 4.2;
				TARGETED_DEVICE_FAMILY = "1,2";
				TEST_TARGET_NAME = GenderNeutralRestrooms;
			};
			name = Release;
		};
/* End XCBuildConfiguration section */

/* Begin XCConfigurationList section */
		4D7B4A7621B3CB5800E065E2 /* Build configuration list for PBXProject "GenderNeutralRestrooms" */ = {
			isa = XCConfigurationList;
			buildConfigurations = (
				4D7B4AA121B3CB5C00E065E2 /* Debug */,
				4D7B4AA221B3CB5C00E065E2 /* Release */,
			);
			defaultConfigurationIsVisible = 0;
			defaultConfigurationName = Release;
		};
		4D7B4AA321B3CB5C00E065E2 /* Build configuration list for PBXNativeTarget "GenderNeutralRestrooms" */ = {
			isa = XCConfigurationList;
			buildConfigurations = (
				4D7B4AA421B3CB5C00E065E2 /* Debug */,
				4D7B4AA521B3CB5C00E065E2 /* Release */,
			);
			defaultConfigurationIsVisible = 0;
			defaultConfigurationName = Release;
		};
		4D7B4AA621B3CB5C00E065E2 /* Build configuration list for PBXNativeTarget "GenderNeutralRestroomsTests" */ = {
			isa = XCConfigurationList;
			buildConfigurations = (
				4D7B4AA721B3CB5C00E065E2 /* Debug */,
				4D7B4AA821B3CB5C00E065E2 /* Release */,
			);
			defaultConfigurationIsVisible = 0;
			defaultConfigurationName = Release;
		};
		4D7B4AA921B3CB5C00E065E2 /* Build configuration list for PBXNativeTarget "GenderNeutralRestroomsUITests" */ = {
			isa = XCConfigurationList;
			buildConfigurations = (
				4D7B4AAA21B3CB5C00E065E2 /* Debug */,
				4D7B4AAB21B3CB5C00E065E2 /* Release */,
			);
			defaultConfigurationIsVisible = 0;
			defaultConfigurationName = Release;
		};
/* End XCConfigurationList section */
	};
	rootObject = 4D7B4A7321B3CB5800E065E2 /* Project object */;
}
